// !$*UTF8*$!
{
	archiveVersion = 1;
	classes = {
	};
	objectVersion = 77;
	objects = {

/* Begin PBXBuildFile section */
		1699EDC82F91CC1200B4181E /* Auth in Frameworks */ = {isa = PBXBuildFile; productRef = 1699EDC72F91CC1200B4181E /* Auth */; };
		1699EDCA2F91CC1200B4181E /* Functions in Frameworks */ = {isa = PBXBuildFile; productRef = 1699EDC92F91CC1200B4181E /* Functions */; };
		1699EDCC2F91CC1200B4181E /* PostgREST in Frameworks */ = {isa = PBXBuildFile; productRef = 1699EDCB2F91CC1200B4181E /* PostgREST */; };
		1699EDCE2F91CC1200B4181E /* Realtime in Frameworks */ = {isa = PBXBuildFile; productRef = 1699EDCD2F91CC1200B4181E /* Realtime */; };
		1699EDD02F91CC1200B4181E /* Storage in Frameworks */ = {isa = PBXBuildFile; productRef = 1699EDCF2F91CC1200B4181E /* Storage */; };
		1699EDD22F91CC1200B4181E /* Supabase in Frameworks */ = {isa = PBXBuildFile; productRef = 1699EDD12F91CC1200B4181E /* Supabase */; };
		16F8F1502F9365A5008023C6 /* WidgetKit.framework in Frameworks */ = {isa = PBXBuildFile; fileRef = 16F8F14F2F9365A5008023C6 /* WidgetKit.framework */; };
		16F8F1522F9365A5008023C6 /* SwiftUI.framework in Frameworks */ = {isa = PBXBuildFile; fileRef = 16F8F1512F9365A5008023C6 /* SwiftUI.framework */; };
		16F8F1632F9365A5008023C6 /* finosWidgetExtension.appex in Embed Foundation Extensions */ = {isa = PBXBuildFile; fileRef = 16F8F14D2F9365A5008023C6 /* finosWidgetExtension.appex */; settings = {ATTRIBUTES = (RemoveHeadersOnCopy, ); }; };
/* End PBXBuildFile section */

/* Begin PBXContainerItemProxy section */
		16F8F1612F9365A5008023C6 /* PBXContainerItemProxy */ = {
			isa = PBXContainerItemProxy;
			containerPortal = 1699EB6B2F908E5800B4181E /* Project object */;
			proxyType = 1;
			remoteGlobalIDString = 16F8F14C2F9365A5008023C6;
			remoteInfo = finosWidgetExtension;
		};
		FA0100010000000000000011 /* PBXContainerItemProxy */ = {
			isa = PBXContainerItemProxy;
			containerPortal = 1699EB6B2F908E5800B4181E /* Project object */;
			proxyType = 1;
			remoteGlobalIDString = 1699EB722F908E5800B4181E;
			remoteInfo = finosWLb;
		};
/* End PBXContainerItemProxy section */

/* Begin PBXCopyFilesBuildPhase section */
		16F8F1682F9365A5008023C6 /* Embed Foundation Extensions */ = {
			isa = PBXCopyFilesBuildPhase;
			buildActionMask = 2147483647;
			dstPath = "";
			dstSubfolderSpec = 13;
			files = (
				16F8F1632F9365A5008023C6 /* finosWidgetExtension.appex in Embed Foundation Extensions */,
			);
			name = "Embed Foundation Extensions";
			runOnlyForDeploymentPostprocessing = 0;
		};
/* End PBXCopyFilesBuildPhase section */

/* Begin PBXFileReference section */
		1699EB732F908E5800B4181E /* finosWLb.app */ = {isa = PBXFileReference; explicitFileType = wrapper.application; includeInIndex = 0; path = finosWLb.app; sourceTree = BUILT_PRODUCTS_DIR; };
		16F8F14D2F9365A5008023C6 /* finosWidgetExtension.appex */ = {isa = PBXFileReference; explicitFileType = "wrapper.app-extension"; includeInIndex = 0; path = finosWidgetExtension.appex; sourceTree = BUILT_PRODUCTS_DIR; };
		16F8F14F2F9365A5008023C6 /* WidgetKit.framework */ = {isa = PBXFileReference; lastKnownFileType = wrapper.framework; name = WidgetKit.framework; path = System/Library/Frameworks/WidgetKit.framework; sourceTree = SDKROOT; };
		16F8F1512F9365A5008023C6 /* SwiftUI.framework */ = {isa = PBXFileReference; lastKnownFileType = wrapper.framework; name = SwiftUI.framework; path = System/Library/Frameworks/SwiftUI.framework; sourceTree = SDKROOT; };
		FA0100010000000000000001 /* finosWLbTests.xctest */ = {isa = PBXFileReference; explicitFileType = wrapper.cfbundle; includeInIndex = 0; path = finosWLbTests.xctest; sourceTree = BUILT_PRODUCTS_DIR; };
/* End PBXFileReference section */

/* Begin PBXFileSystemSynchronizedBuildFileExceptionSet section */
		16F8F1642F9365A5008023C6 /* Exceptions for "finosWidget" folder in "finosWidgetExtension" target */ = {
			isa = PBXFileSystemSynchronizedBuildFileExceptionSet;
			membershipExceptions = (
				Info.plist,
			);
			target = 16F8F14C2F9365A5008023C6 /* finosWidgetExtension */;
		};
/* End PBXFileSystemSynchronizedBuildFileExceptionSet section */

/* Begin PBXFileSystemSynchronizedRootGroup section */
		1699EB752F908E5800B4181E /* finosWLb */ = {
			isa = PBXFileSystemSynchronizedRootGroup;
			path = finosWLb;
			sourceTree = "<group>";
		};
		16F8F1532F9365A5008023C6 /* finosWidget */ = {
			isa = PBXFileSystemSynchronizedRootGroup;
			exceptions = (
				16F8F1642F9365A5008023C6 /* Exceptions for "finosWidget" folder in "finosWidgetExtension" target */,
			);
			path = finosWidget;
			sourceTree = "<group>";
		};
		FA0100010000000000000003 /* finosWLbTests */ = {
			isa = PBXFileSystemSynchronizedRootGroup;
			path = finosWLbTests;
			sourceTree = "<group>";
		};
/* End PBXFileSystemSynchronizedRootGroup section */

/* Begin PBXFrameworksBuildPhase section */
		1699EB702F908E5800B4181E /* Frameworks */ = {
			isa = PBXFrameworksBuildPhase;
			buildActionMask = 2147483647;
			files = (
				1699EDCC2F91CC1200B4181E /* PostgREST in Frameworks */,
				1699EDCA2F91CC1200B4181E /* Functions in Frameworks */,
				1699EDD22F91CC1200B4181E /* Supabase in Frameworks */,
				1699EDC82F91CC1200B4181E /* Auth in Frameworks */,
				1699EDD02F91CC1200B4181E /* Storage in Frameworks */,
				1699EDCE2F91CC1200B4181E /* Realtime in Frameworks */,
			);
			runOnlyForDeploymentPostprocessing = 0;
		};
		16F8F14A2F9365A5008023C6 /* Frameworks */ = {
			isa = PBXFrameworksBuildPhase;
			buildActionMask = 2147483647;
			files = (
				16F8F1522F9365A5008023C6 /* SwiftUI.framework in Frameworks */,
				16F8F1502F9365A5008023C6 /* WidgetKit.framework in Frameworks */,
			);
			runOnlyForDeploymentPostprocessing = 0;
		};
		FA0100010000000000000004 /* Frameworks */ = {
			isa = PBXFrameworksBuildPhase;
			buildActionMask = 2147483647;
			files = (
			);
			runOnlyForDeploymentPostprocessing = 0;
		};
/* End PBXFrameworksBuildPhase section */

/* Begin PBXGroup section */
		1699EB6A2F908E5800B4181E = {
			isa = PBXGroup;
			children = (
				1699EB752F908E5800B4181E /* finosWLb */,
				FA0100010000000000000003 /* finosWLbTests */,
				16F8F1532F9365A5008023C6 /* finosWidget */,
				16F8F14E2F9365A5008023C6 /* Frameworks */,
				1699EB742F908E5800B4181E /* Products */,
			);
			sourceTree = "<group>";
		};
		1699EB742F908E5800B4181E /* Products */ = {
			isa = PBXGroup;
			children = (
				1699EB732F908E5800B4181E /* finosWLb.app */,
				FA0100010000000000000001 /* finosWLbTests.xctest */,
				16F8F14D2F9365A5008023C6 /* finosWidgetExtension.appex */,
			);
			name = Products;
			sourceTree = "<group>";
		};
		16F8F14E2F9365A5008023C6 /* Frameworks */ = {
			isa = PBXGroup;
			children = (
				16F8F14F2F9365A5008023C6 /* WidgetKit.framework */,
				16F8F1512F9365A5008023C6 /* SwiftUI.framework */,
			);
			name = Frameworks;
			sourceTree = "<group>";
		};
/* End PBXGroup section */

/* Begin PBXNativeTarget section */
		1699EB722F908E5800B4181E /* finosWLb */ = {
			isa = PBXNativeTarget;
			buildConfigurationList = 1699EB802F908E5800B4181E /* Build configuration list for PBXNativeTarget "finosWLb" */;
			buildPhases = (
				1699EB6F2F908E5800B4181E /* Sources */,
				1699EB702F908E5800B4181E /* Frameworks */,
				1699EB712F908E5800B4181E /* Resources */,
				16F8F1682F9365A5008023C6 /* Embed Foundation Extensions */,
			);
			buildRules = (
			);
			dependencies = (
				16F8F1622F9365A5008023C6 /* PBXTargetDependency */,
			);
			fileSystemSynchronizedGroups = (
				1699EB752F908E5800B4181E /* finosWLb */,
			);
			name = finosWLb;
			packageProductDependencies = (
				1699EDC72F91CC1200B4181E /* Auth */,
				1699EDC92F91CC1200B4181E /* Functions */,
				1699EDCB2F91CC1200B4181E /* PostgREST */,
				1699EDCD2F91CC1200B4181E /* Realtime */,
				1699EDCF2F91CC1200B4181E /* Storage */,
				1699EDD12F91CC1200B4181E /* Supabase */,
			);
			productName = finosWLb;
			productReference = 1699EB732F908E5800B4181E /* finosWLb.app */;
			productType = "com.apple.product-type.application";
		};
		16F8F14C2F9365A5008023C6 /* finosWidgetExtension */ = {
			isa = PBXNativeTarget;
			buildConfigurationList = 16F8F1652F9365A5008023C6 /* Build configuration list for PBXNativeTarget "finosWidgetExtension" */;
			buildPhases = (
				16F8F1492F9365A5008023C6 /* Sources */,
				16F8F14A2F9365A5008023C6 /* Frameworks */,
				16F8F14B2F9365A5008023C6 /* Resources */,
			);
			buildRules = (
			);
			dependencies = (
			);
			fileSystemSynchronizedGroups = (
				16F8F1532F9365A5008023C6 /* finosWidget */,
			);
			name = finosWidgetExtension;
			packageProductDependencies = (
			);
			productName = finosWidgetExtension;
			productReference = 16F8F14D2F9365A5008023C6 /* finosWidgetExtension.appex */;
			productType = "com.apple.product-type.app-extension";
		};
		FA0100010000000000000002 /* finosWLbTests */ = {
			isa = PBXNativeTarget;
			buildConfigurationList = FA0100010000000000000007 /* Build configuration list for PBXNativeTarget "finosWLbTests" */;
			buildPhases = (
				FA0100010000000000000005 /* Sources */,
				FA0100010000000000000004 /* Frameworks */,
				FA0100010000000000000006 /* Resources */,
			);
			buildRules = (
			);
			dependencies = (
				FA0100010000000000000010 /* PBXTargetDependency */,
			);
			fileSystemSynchronizedGroups = (
				FA0100010000000000000003 /* finosWLbTests */,
			);
			name = finosWLbTests;
			productName = finosWLbTests;
			productReference = FA0100010000000000000001 /* finosWLbTests.xctest */;
			productType = "com.apple.product-type.bundle.unit-test";
		};
/* End PBXNativeTarget section */

/* Begin PBXProject section */
		1699EB6B2F908E5800B4181E /* Project object */ = {
			isa = PBXProject;
			attributes = {
				BuildIndependentTargetsInParallel = 1;
				LastSwiftUpdateCheck = 2620;
				LastUpgradeCheck = 2620;
				TargetAttributes = {
					1699EB722F908E5800B4181E = {
						CreatedOnToolsVersion = 26.2;
					};
					16F8F14C2F9365A5008023C6 = {
						CreatedOnToolsVersion = 26.2;
					};
					FA0100010000000000000002 = {
						CreatedOnToolsVersion = 26.2;
						TestTargetID = 1699EB722F908E5800B4181E;
					};
				};
			};
			buildConfigurationList = 1699EB6E2F908E5800B4181E /* Build configuration list for PBXProject "finosWLb" */;
			developmentRegion = en;
			hasScannedForEncodings = 0;
			knownRegions = (
				en,
				Base,
			);
			mainGroup = 1699EB6A2F908E5800B4181E;
			minimizedProjectReferenceProxies = 1;
			packageReferences = (
				1699EDC62F91CC1200B4181E /* XCRemoteSwiftPackageReference "supabase-swift" */,
			);
			preferredProjectObjectVersion = 77;
			productRefGroup = 1699EB742F908E5800B4181E /* Products */;
			projectDirPath = "";
			projectRoot = "";
			targets = (
				1699EB722F908E5800B4181E /* finosWLb */,
				FA0100010000000000000002 /* finosWLbTests */,
				16F8F14C2F9365A5008023C6 /* finosWidgetExtension */,
			);
		};
/* End PBXProject section */

/* Begin PBXResourcesBuildPhase section */
		1699EB712F908E5800B4181E /* Resources */ = {
			isa = PBXResourcesBuildPhase;
			buildActionMask = 2147483647;
			files = (
			);
			runOnlyForDeploymentPostprocessing = 0;
		};
		16F8F14B2F9365A5008023C6 /* Resources */ = {
			isa = PBXResourcesBuildPhase;
			buildActionMask = 2147483647;
			files = (
			);
			runOnlyForDeploymentPostprocessing = 0;
		};
		FA0100010000000000000006 /* Resources */ = {
			isa = PBXResourcesBuildPhase;
			buildActionMask = 2147483647;
			files = (
			);
			runOnlyForDeploymentPostprocessing = 0;
		};
/* End PBXResourcesBuildPhase section */

/* Begin PBXSourcesBuildPhase section */
		1699EB6F2F908E5800B4181E /* Sources */ = {
			isa = PBXSourcesBuildPhase;
			buildActionMask = 2147483647;
			files = (
			);
			runOnlyForDeploymentPostprocessing = 0;
		};
		16F8F1492F9365A5008023C6 /* Sources */ = {
			isa = PBXSourcesBuildPhase;
			buildActionMask = 2147483647;
			files = (
			);
			runOnlyForDeploymentPostprocessing = 0;
		};
		FA0100010000000000000005 /* Sources */ = {
			isa = PBXSourcesBuildPhase;
			buildActionMask = 2147483647;
			files = (
			);
			runOnlyForDeploymentPostprocessing = 0;
		};
/* End PBXSourcesBuildPhase section */

/* Begin PBXTargetDependency section */
		16F8F1622F9365A5008023C6 /* PBXTargetDependency */ = {
			isa = PBXTargetDependency;
			target = 16F8F14C2F9365A5008023C6 /* finosWidgetExtension */;
			targetProxy = 16F8F1612F9365A5008023C6 /* PBXContainerItemProxy */;
		};
		FA0100010000000000000010 /* PBXTargetDependency */ = {
			isa = PBXTargetDependency;
			target = 1699EB722F908E5800B4181E /* finosWLb */;
			targetProxy = FA0100010000000000000011 /* PBXContainerItemProxy */;
		};
/* End PBXTargetDependency section */

/* Begin XCBuildConfiguration section */
		1699EB7E2F908E5800B4181E /* Debug */ = {
			isa = XCBuildConfiguration;
			buildSettings = {
				ALWAYS_SEARCH_USER_PATHS = NO;
				ASSETCATALOG_COMPILER_GENERATE_SWIFT_ASSET_SYMBOL_EXTENSIONS = YES;
				CLANG_ANALYZER_NONNULL = YES;
				CLANG_ANALYZER_NUMBER_OBJECT_CONVERSION = YES_AGGRESSIVE;
				CLANG_CXX_LANGUAGE_STANDARD = "gnu++20";
				CLANG_ENABLE_MODULES = YES;
				CLANG_ENABLE_OBJC_ARC = YES;
				CLANG_ENABLE_OBJC_WEAK = YES;
				CLANG_WARN_BLOCK_CAPTURE_AUTORELEASING = YES;
				CLANG_WARN_BOOL_CONVERSION = YES;
				CLANG_WARN_COMMA = YES;
				CLANG_WARN_CONSTANT_CONVERSION = YES;
				CLANG_WARN_DEPRECATED_OBJC_IMPLEMENTATIONS = YES;
				CLANG_WARN_DIRECT_OBJC_ISA_USAGE = YES_ERROR;
				CLANG_WARN_DOCUMENTATION_COMMENTS = YES;
				CLANG_WARN_EMPTY_BODY = YES;
				CLANG_WARN_ENUM_CONVERSION = YES;
				CLANG_WARN_INFINITE_RECURSION = YES;
				CLANG_WARN_INT_CONVERSION = YES;
				CLANG_WARN_NON_LITERAL_NULL_CONVERSION = YES;
				CLANG_WARN_OBJC_IMPLICIT_RETAIN_SELF = YES;
				CLANG_WARN_OBJC_LITERAL_CONVERSION = YES;
				CLANG_WARN_OBJC_ROOT_CLASS = YES_ERROR;
				CLANG_WARN_QUOTED_INCLUDE_IN_FRAMEWORK_HEADER = YES;
				CLANG_WARN_RANGE_LOOP_ANALYSIS = YES;
				CLANG_WARN_STRICT_PROTOTYPES = YES;
				CLANG_WARN_SUSPICIOUS_MOVE = YES;
				CLANG_WARN_UNGUARDED_AVAILABILITY = YES_AGGRESSIVE;
				CLANG_WARN_UNREACHABLE_CODE = YES;
				CLANG_WARN__DUPLICATE_METHOD_MATCH = YES;
				COPY_PHASE_STRIP = NO;
				DEBUG_INFORMATION_FORMAT = dwarf;
				DEVELOPMENT_TEAM = WG88Y62JAT;
				ENABLE_STRICT_OBJC_MSGSEND = YES;
				ENABLE_TESTABILITY = YES;
				ENABLE_USER_SCRIPT_SANDBOXING = YES;
				GCC_C_LANGUAGE_STANDARD = gnu17;
				GCC_DYNAMIC_NO_PIC = NO;
				GCC_NO_COMMON_BLOCKS = YES;
				GCC_OPTIMIZATION_LEVEL = 0;
				GCC_PREPROCESSOR_DEFINITIONS = (
					"DEBUG=1",
					"$(inherited)",
				);
				GCC_WARN_64_TO_32_BIT_CONVERSION = YES;
				GCC_WARN_ABOUT_RETURN_TYPE = YES_ERROR;
				GCC_WARN_UNDECLARED_SELECTOR = YES;
				GCC_WARN_UNINITIALIZED_AUTOS = YES_AGGRESSIVE;
				GCC_WARN_UNUSED_FUNCTION = YES;
				GCC_WARN_UNUSED_VARIABLE = YES;
				IPHONEOS_DEPLOYMENT_TARGET = 26.2;
				LOCALIZATION_PREFERS_STRING_CATALOGS = YES;
				MTL_ENABLE_DEBUG_INFO = INCLUDE_SOURCE;
				MTL_FAST_MATH = YES;
				ONLY_ACTIVE_ARCH = YES;
				SDKROOT = iphoneos;
				SWIFT_ACTIVE_COMPILATION_CONDITIONS = "DEBUG $(inherited)";
				SWIFT_OPTIMIZATION_LEVEL = "-Onone";
			};
			name = Debug;
		};
		1699EB7F2F908E5800B4181E /* Release */ = {
			isa = XCBuildConfiguration;
			buildSettings = {
				ALWAYS_SEARCH_USER_PATHS = NO;
				ASSETCATALOG_COMPILER_GENERATE_SWIFT_ASSET_SYMBOL_EXTENSIONS = YES;
				CLANG_ANALYZER_NONNULL = YES;
				CLANG_ANALYZER_NUMBER_OBJECT_CONVERSION = YES_AGGRESSIVE;
				CLANG_CXX_LANGUAGE_STANDARD = "gnu++20";
				CLANG_ENABLE_MODULES = YES;
				CLANG_ENABLE_OBJC_ARC = YES;
				CLANG_ENABLE_OBJC_WEAK = YES;
				CLANG_WARN_BLOCK_CAPTURE_AUTORELEASING = YES;
				CLANG_WARN_BOOL_CONVERSION = YES;
				CLANG_WARN_COMMA = YES;
				CLANG_WARN_CONSTANT_CONVERSION = YES;
				CLANG_WARN_DEPRECATED_OBJC_IMPLEMENTATIONS = YES;
				CLANG_WARN_DIRECT_OBJC_ISA_USAGE = YES_ERROR;
				CLANG_WARN_DOCUMENTATION_COMMENTS = YES;
				CLANG_WARN_EMPTY_BODY = YES;
				CLANG_WARN_ENUM_CONVERSION = YES;
				CLANG_WARN_INFINITE_RECURSION = YES;
				CLANG_WARN_INT_CONVERSION = YES;
				CLANG_WARN_NON_LITERAL_NULL_CONVERSION = YES;
				CLANG_WARN_OBJC_IMPLICIT_RETAIN_SELF = YES;
				CLANG_WARN_OBJC_LITERAL_CONVERSION = YES;
				CLANG_WARN_OBJC_ROOT_CLASS = YES_ERROR;
				CLANG_WARN_QUOTED_INCLUDE_IN_FRAMEWORK_HEADER = YES;
				CLANG_WARN_RANGE_LOOP_ANALYSIS = YES;
				CLANG_WARN_STRICT_PROTOTYPES = YES;
				CLANG_WARN_SUSPICIOUS_MOVE = YES;
				CLANG_WARN_UNGUARDED_AVAILABILITY = YES_AGGRESSIVE;
				CLANG_WARN_UNREACHABLE_CODE = YES;
				CLANG_WARN__DUPLICATE_METHOD_MATCH = YES;
				COPY_PHASE_STRIP = NO;
				DEBUG_INFORMATION_FORMAT = "dwarf-with-dsym";
				DEVELOPMENT_TEAM = WG88Y62JAT;
				ENABLE_NS_ASSERTIONS = NO;
				ENABLE_STRICT_OBJC_MSGSEND = YES;
				ENABLE_USER_SCRIPT_SANDBOXING = YES;
				GCC_C_LANGUAGE_STANDARD = gnu17;
				GCC_NO_COMMON_BLOCKS = YES;
				GCC_WARN_64_TO_32_BIT_CONVERSION = YES;
				GCC_WARN_ABOUT_RETURN_TYPE = YES_ERROR;
				GCC_WARN_UNDECLARED_SELECTOR = YES;
				GCC_WARN_UNINITIALIZED_AUTOS = YES_AGGRESSIVE;
				GCC_WARN_UNUSED_FUNCTION = YES;
				GCC_WARN_UNUSED_VARIABLE = YES;
				IPHONEOS_DEPLOYMENT_TARGET = 26.2;
				LOCALIZATION_PREFERS_STRING_CATALOGS = YES;
				MTL_ENABLE_DEBUG_INFO = NO;
				MTL_FAST_MATH = YES;
				SDKROOT = iphoneos;
				SWIFT_COMPILATION_MODE = wholemodule;
				VALIDATE_PRODUCT = YES;
			};
			name = Release;
		};
		1699EB812F908E5800B4181E /* Debug */ = {
			isa = XCBuildConfiguration;
			buildSettings = {
				ASSETCATALOG_COMPILER_APPICON_NAME = AppIcon;
				ASSETCATALOG_COMPILER_GLOBAL_ACCENT_COLOR_NAME = AccentColor;
				CODE_SIGN_ENTITLEMENTS = finosWLb/finosWLb.entitlements;
				CODE_SIGN_STYLE = Automatic;
				CURRENT_PROJECT_VERSION = 1;
				DEVELOPMENT_TEAM = WG88Y62JAT;
				ENABLE_PREVIEWS = YES;
				GENERATE_INFOPLIST_FILE = YES;
				INFOPLIST_KEY_NSFaceIDUsageDescription = "finosWLb sử dụng Face ID để khóa ứng dụng và bảo vệ dữ liệu chấm công của bạn.";
				INFOPLIST_KEY_NSLocationWhenInUseUsageDescription = "finosWLb uses your location to verify you are at your assigned branch when you check in or out.";
				INFOPLIST_KEY_UIApplicationSceneManifest_Generation = YES;
				INFOPLIST_KEY_UIApplicationSupportsIndirectInputEvents = YES;
				INFOPLIST_KEY_UILaunchScreen_Generation = YES;
				INFOPLIST_KEY_UISupportedInterfaceOrientations_iPad = "UIInterfaceOrientationPortrait UIInterfaceOrientationPortraitUpsideDown UIInterfaceOrientationLandscapeLeft UIInterfaceOrientationLandscapeRight";
				INFOPLIST_KEY_UISupportedInterfaceOrientations_iPhone = "UIInterfaceOrientationPortrait UIInterfaceOrientationLandscapeLeft UIInterfaceOrientationLandscapeRight";
				LD_RUNPATH_SEARCH_PATHS = (
					"$(inherited)",
					"@executable_path/Frameworks",
				);
				MARKETING_VERSION = 1.0;
				PRODUCT_BUNDLE_IDENTIFIER = vietmind.finosWLb;
				PRODUCT_NAME = "$(TARGET_NAME)";
				STRING_CATALOG_GENERATE_SYMBOLS = YES;
				SWIFT_APPROACHABLE_CONCURRENCY = YES;
				SWIFT_DEFAULT_ACTOR_ISOLATION = MainActor;
				SWIFT_EMIT_LOC_STRINGS = YES;
				SWIFT_UPCOMING_FEATURE_MEMBER_IMPORT_VISIBILITY = YES;
				SWIFT_VERSION = 5.0;
				TARGETED_DEVICE_FAMILY = "1,2";
			};
			name = Debug;
		};
		1699EB822F908E5800B4181E /* Release */ = {
			isa = XCBuildConfiguration;
			buildSettings = {
				ASSETCATALOG_COMPILER_APPICON_NAME = AppIcon;
				ASSETCATALOG_COMPILER_GLOBAL_ACCENT_COLOR_NAME = AccentColor;
				CODE_SIGN_ENTITLEMENTS = finosWLb/finosWLb.entitlements;
				CODE_SIGN_STYLE = Automatic;
				CURRENT_PROJECT_VERSION = 1;
				DEVELOPMENT_TEAM = WG88Y62JAT;
				ENABLE_PREVIEWS = YES;
				GENERATE_INFOPLIST_FILE = YES;
				INFOPLIST_KEY_NSFaceIDUsageDescription = "finosWLb sử dụng Face ID để khóa ứng dụng và bảo vệ dữ liệu chấm công của bạn.";
				INFOPLIST_KEY_NSLocationWhenInUseUsageDescription = "finosWLb uses your location to verify you are at your assigned branch when you check in or out.";
				INFOPLIST_KEY_UIApplicationSceneManifest_Generation = YES;
				INFOPLIST_KEY_UIApplicationSupportsIndirectInputEvents = YES;
				INFOPLIST_KEY_UILaunchScreen_Generation = YES;
				INFOPLIST_KEY_UISupportedInterfaceOrientations_iPad = "UIInterfaceOrientationPortrait UIInterfaceOrientationPortraitUpsideDown UIInterfaceOrientationLandscapeLeft UIInterfaceOrientationLandscapeRight";
				INFOPLIST_KEY_UISupportedInterfaceOrientations_iPhone = "UIInterfaceOrientationPortrait UIInterfaceOrientationLandscapeLeft UIInterfaceOrientationLandscapeRight";
				LD_RUNPATH_SEARCH_PATHS = (
					"$(inherited)",
					"@executable_path/Frameworks",
				);
				MARKETING_VERSION = 1.0;
				PRODUCT_BUNDLE_IDENTIFIER = vietmind.finosWLb;
				PRODUCT_NAME = "$(TARGET_NAME)";
				STRING_CATALOG_GENERATE_SYMBOLS = YES;
				SWIFT_APPROACHABLE_CONCURRENCY = YES;
				SWIFT_DEFAULT_ACTOR_ISOLATION = MainActor;
				SWIFT_EMIT_LOC_STRINGS = YES;
				SWIFT_UPCOMING_FEATURE_MEMBER_IMPORT_VISIBILITY = YES;
				SWIFT_VERSION = 5.0;
				TARGETED_DEVICE_FAMILY = "1,2";
			};
			name = Release;
		};
		16F8F1662F9365A5008023C6 /* Debug */ = {
			isa = XCBuildConfiguration;
			buildSettings = {
				ASSETCATALOG_COMPILER_GLOBAL_ACCENT_COLOR_NAME = AccentColor;
				ASSETCATALOG_COMPILER_WIDGET_BACKGROUND_COLOR_NAME = WidgetBackground;
				CODE_SIGN_STYLE = Automatic;
				CURRENT_PROJECT_VERSION = 1;
				DEVELOPMENT_TEAM = WG88Y62JAT;
				GENERATE_INFOPLIST_FILE = YES;
				INFOPLIST_FILE = finosWidget/Info.plist;
				INFOPLIST_KEY_CFBundleDisplayName = finosWidget;
				INFOPLIST_KEY_NSHumanReadableCopyright = "";
				LD_RUNPATH_SEARCH_PATHS = (
					"$(inherited)",
					"@executable_path/Frameworks",
					"@executable_path/../../Frameworks",
				);
				MARKETING_VERSION = 1.0;
				PRODUCT_BUNDLE_IDENTIFIER = vietmind.finosWLb.finosWidget;
				PRODUCT_NAME = "$(TARGET_NAME)";
				SKIP_INSTALL = YES;
				STRING_CATALOG_GENERATE_SYMBOLS = YES;
				SWIFT_APPROACHABLE_CONCURRENCY = YES;
				SWIFT_EMIT_LOC_STRINGS = YES;
				SWIFT_UPCOMING_FEATURE_MEMBER_IMPORT_VISIBILITY = YES;
				SWIFT_VERSION = 5.0;
				TARGETED_DEVICE_FAMILY = "1,2";
			};
			name = Debug;
		};
		16F8F1672F9365A5008023C6 /* Release */ = {
			isa = XCBuildConfiguration;
			buildSettings = {
				ASSETCATALOG_COMPILER_GLOBAL_ACCENT_COLOR_NAME = AccentColor;
				ASSETCATALOG_COMPILER_WIDGET_BACKGROUND_COLOR_NAME = WidgetBackground;
				CODE_SIGN_STYLE = Automatic;
				CURRENT_PROJECT_VERSION = 1;
				DEVELOPMENT_TEAM = WG88Y62JAT;
				GENERATE_INFOPLIST_FILE = YES;
				INFOPLIST_FILE = finosWidget/Info.plist;
				INFOPLIST_KEY_CFBundleDisplayName = finosWidget;
				INFOPLIST_KEY_NSHumanReadableCopyright = "";
				LD_RUNPATH_SEARCH_PATHS = (
					"$(inherited)",
					"@executable_path/Frameworks",
					"@executable_path/../../Frameworks",
				);
				MARKETING_VERSION = 1.0;
				PRODUCT_BUNDLE_IDENTIFIER = vietmind.finosWLb.finosWidget;
				PRODUCT_NAME = "$(TARGET_NAME)";
				SKIP_INSTALL = YES;
				STRING_CATALOG_GENERATE_SYMBOLS = YES;
				SWIFT_APPROACHABLE_CONCURRENCY = YES;
				SWIFT_EMIT_LOC_STRINGS = YES;
				SWIFT_UPCOMING_FEATURE_MEMBER_IMPORT_VISIBILITY = YES;
				SWIFT_VERSION = 5.0;
				TARGETED_DEVICE_FAMILY = "1,2";
			};
			name = Release;
		};
		FA0100010000000000000008 /* Debug */ = {
			isa = XCBuildConfiguration;
			buildSettings = {
				ALWAYS_EMBED_SWIFT_STANDARD_LIBRARIES = YES;
				BUNDLE_LOADER = "$(TEST_HOST)";
				CLANG_ENABLE_MODULES = YES;
				CODE_SIGN_STYLE = Automatic;
				CURRENT_PROJECT_VERSION = 1;
				DEVELOPMENT_TEAM = WG88Y62JAT;
				GENERATE_INFOPLIST_FILE = YES;
				IPHONEOS_DEPLOYMENT_TARGET = 26.2;
				MARKETING_VERSION = 1.0;
				PRODUCT_BUNDLE_IDENTIFIER = vietmind.finosWLbTests;
				PRODUCT_NAME = "$(TARGET_NAME)";
				SWIFT_ACTIVE_COMPILATION_CONDITIONS = "DEBUG $(inherited)";
				SWIFT_APPROACHABLE_CONCURRENCY = YES;
				SWIFT_DEFAULT_ACTOR_ISOLATION = MainActor;
				SWIFT_EMIT_LOC_STRINGS = NO;
				SWIFT_VERSION = 5.0;
				TARGETED_DEVICE_FAMILY = "1,2";
				TEST_HOST = "$(BUILT_PRODUCTS_DIR)/finosWLb.app/$(BUNDLE_EXECUTABLE_FOLDER_PATH)/finosWLb";
			};
			name = Debug;
		};
		FA0100010000000000000009 /* Release */ = {
			isa = XCBuildConfiguration;
			buildSettings = {
				ALWAYS_EMBED_SWIFT_STANDARD_LIBRARIES = YES;
				BUNDLE_LOADER = "$(TEST_HOST)";
				CLANG_ENABLE_MODULES = YES;
				CODE_SIGN_STYLE = Automatic;
				CURRENT_PROJECT_VERSION = 1;
				DEVELOPMENT_TEAM = WG88Y62JAT;
				GENERATE_INFOPLIST_FILE = YES;
				IPHONEOS_DEPLOYMENT_TARGET = 26.2;
				MARKETING_VERSION = 1.0;
				PRODUCT_BUNDLE_IDENTIFIER = vietmind.finosWLbTests;
				PRODUCT_NAME = "$(TARGET_NAME)";
				SWIFT_APPROACHABLE_CONCURRENCY = YES;
				SWIFT_DEFAULT_ACTOR_ISOLATION = MainActor;
				SWIFT_EMIT_LOC_STRINGS = NO;
				SWIFT_VERSION = 5.0;
				TARGETED_DEVICE_FAMILY = "1,2";
				TEST_HOST = "$(BUILT_PRODUCTS_DIR)/finosWLb.app/$(BUNDLE_EXECUTABLE_FOLDER_PATH)/finosWLb";
			};
			name = Release;
		};
/* End XCBuildConfiguration section */

/* Begin XCConfigurationList section */
		1699EB6E2F908E5800B4181E /* Build configuration list for PBXProject "finosWLb" */ = {
			isa = XCConfigurationList;
			buildConfigurations = (
				1699EB7E2F908E5800B4181E /* Debug */,
				1699EB7F2F908E5800B4181E /* Release */,
			);
			defaultConfigurationIsVisible = 0;
			defaultConfigurationName = Release;
		};
		1699EB802F908E5800B4181E /* Build configuration list for PBXNativeTarget "finosWLb" */ = {
			isa = XCConfigurationList;
			buildConfigurations = (
				1699EB812F908E5800B4181E /* Debug */,
				1699EB822F908E5800B4181E /* Release */,
			);
			defaultConfigurationIsVisible = 0;
			defaultConfigurationName = Release;
		};
		16F8F1652F9365A5008023C6 /* Build configuration list for PBXNativeTarget "finosWidgetExtension" */ = {
			isa = XCConfigurationList;
			buildConfigurations = (
				16F8F1662F9365A5008023C6 /* Debug */,
				16F8F1672F9365A5008023C6 /* Release */,
			);
			defaultConfigurationIsVisible = 0;
			defaultConfigurationName = Release;
		};
		FA0100010000000000000007 /* Build configuration list for PBXNativeTarget "finosWLbTests" */ = {
			isa = XCConfigurationList;
			buildConfigurations = (
				FA0100010000000000000008 /* Debug */,
				FA0100010000000000000009 /* Release */,
			);
			defaultConfigurationIsVisible = 0;
			defaultConfigurationName = Release;
		};
/* End XCConfigurationList section */

/* Begin XCRemoteSwiftPackageReference section */
		1699EDC62F91CC1200B4181E /* XCRemoteSwiftPackageReference "supabase-swift" */ = {
			isa = XCRemoteSwiftPackageReference;
			repositoryURL = "https://github.com/supabase-community/supabase-swift";
			requirement = {
				kind = upToNextMajorVersion;
				minimumVersion = 2.5.1;
			};
		};
/* End XCRemoteSwiftPackageReference section */

/* Begin XCSwiftPackageProductDependency section */
		1699EDC72F91CC1200B4181E /* Auth */ = {
			isa = XCSwiftPackageProductDependency;
			package = 1699EDC62F91CC1200B4181E /* XCRemoteSwiftPackageReference "supabase-swift" */;
			productName = Auth;
		};
		1699EDC92F91CC1200B4181E /* Functions */ = {
			isa = XCSwiftPackageProductDependency;
			package = 1699EDC62F91CC1200B4181E /* XCRemoteSwiftPackageReference "supabase-swift" */;
			productName = Functions;
		};
		1699EDCB2F91CC1200B4181E /* PostgREST */ = {
			isa = XCSwiftPackageProductDependency;
			package = 1699EDC62F91CC1200B4181E /* XCRemoteSwiftPackageReference "supabase-swift" */;
			productName = PostgREST;
		};
		1699EDCD2F91CC1200B4181E /* Realtime */ = {
			isa = XCSwiftPackageProductDependency;
			package = 1699EDC62F91CC1200B4181E /* XCRemoteSwiftPackageReference "supabase-swift" */;
			productName = Realtime;
		};
		1699EDCF2F91CC1200B4181E /* Storage */ = {
			isa = XCSwiftPackageProductDependency;
			package = 1699EDC62F91CC1200B4181E /* XCRemoteSwiftPackageReference "supabase-swift" */;
			productName = Storage;
		};
		1699EDD12F91CC1200B4181E /* Supabase */ = {
			isa = XCSwiftPackageProductDependency;
			package = 1699EDC62F91CC1200B4181E /* XCRemoteSwiftPackageReference "supabase-swift" */;
			productName = Supabase;
		};
/* End XCSwiftPackageProductDependency section */
	};
	rootObject = 1699EB6B2F908E5800B4181E /* Project object */;
}
